
Microsoft Visual Studio Solution File, Format Version 12.00
# Visual Studio Version 17
VisualStudioVersion = 17.9.34723.18
MinimumVisualStudioVersion = 10.0.40219.1
Project("{FAE04EC0-301F-11D3-BF4B-00C04F79EFBC}") = "ttxaphuong", "ttxaphuong\ttxaphuong.csproj", "{F2933749-7789-4971-94DA-D55A1E9C4237}"
EndProject
Global
	GlobalSection(SolutionConfigurationPlatforms) = preSolution
		Debug|Any CPU = Debug|Any CPU
		Release|Any CPU = Release|Any CPU
	EndGlobalSection
	GlobalSection(ProjectConfigurationPlatforms) = postSolution
		{F2933749-7789-4971-94DA-D55A1E9C4237}.Debug|Any CPU.ActiveCfg = Debug|Any CPU
		{F2933749-7789-4971-94DA-D55A1E9C4237}.Debug|Any CPU.Build.0 = Debug|Any CPU
		{F2933749-7789-4971-94DA-D55A1E9C4237}.Release|Any CPU.ActiveCfg = Release|Any CPU
		{F2933749-7789-4971-94DA-D55A1E9C4237}.Release|Any CPU.Build.0 = Release|Any CPU
	EndGlobalSection
	GlobalSection(SolutionProperties) = preSolution
		HideSolutionNode = FALSE
	EndGlobalSection
	GlobalSection(ExtensibilityGlobals) = postSolution
		SolutionGuid = {0FB56AEC-C101-4A28-A9C8-685F1166CF63}
	EndGlobalSection
EndGlobal
